{
  "name": "govdown",
  "version": "1.0.0",
  "lockfileVersion": 1,
  "requires": true,
  "dependencies": {
    "govuk-frontend": {
      "version": "2.13.0",
      "resolved": "https://registry.npmjs.org/govuk-frontend/-/govuk-frontend-2.13.0.tgz",
      "integrity": "sha512-6XDtTt5plSrPQvPgLFN4LCtb9ULuqoXCgkHy5c7XE/70/sVm47RPbLR11tYGPcmV8cOApBhW0wL8y8ryspHfpw=="
    }
  }
}
